
Microsoft Visual Studio Solution File, Format Version 12.00
# Visual Studio Version 17
VisualStudioVersion = 17.13.35913.81 d17.13
MinimumVisualStudioVersion = 10.0.40219.1
Project("{FAE04EC0-301F-11D3-BF4B-00C04F79EFBC}") = "Servicio_Catering", "Servicio_Catering\Servicio_Catering.csproj", "{9FC9498A-BD82-439E-A836-B1BCC6209B47}"
EndProject
Global
	GlobalSection(SolutionConfigurationPlatforms) = preSolution
		Debug|Any CPU = Debug|Any CPU
		Release|Any CPU = Release|Any CPU
	EndGlobalSection
	GlobalSection(ProjectConfigurationPlatforms) = postSolution
		{9FC9498A-BD82-439E-A836-B1BCC6209B47}.Debug|Any CPU.ActiveCfg = Debug|Any CPU
		{9FC9498A-BD82-439E-A836-B1BCC6209B47}.Debug|Any CPU.Build.0 = Debug|Any CPU
		{9FC9498A-BD82-439E-A836-B1BCC6209B47}.Release|Any CPU.ActiveCfg = Release|Any CPU
		{9FC9498A-BD82-439E-A836-B1BCC6209B47}.Release|Any CPU.Build.0 = Release|Any CPU
	EndGlobalSection
	GlobalSection(SolutionProperties) = preSolution
		HideSolutionNode = FALSE
	EndGlobalSection
	GlobalSection(ExtensibilityGlobals) = postSolution
		SolutionGuid = {AFBE75F1-E8E1-4382-9DF1-ADE906A9E6E2}
	EndGlobalSection
EndGlobal
